// !$*UTF8*$!
{
	archiveVersion = 1;
	classes = {
	};
	objectVersion = 46;
	objects = {

/* Begin PBXBuildFile section */
		6AE6A7A41A1FA33600A3B0FD /* main.m in Sources */ = {isa = PBXBuildFile; fileRef = 6AE6A7A31A1FA33600A3B0FD /* main.m */; };
		6AE6A7A71A1FA33600A3B0FD /* AppDelegate.m in Sources */ = {isa = PBXBuildFile; fileRef = 6AE6A7A61A1FA33600A3B0FD /* AppDelegate.m */; };
		6AE6A7AA1A1FA33600A3B0FD /* MasterViewController.m in Sources */ = {isa = PBXBuildFile; fileRef = 6AE6A7A91A1FA33600A3B0FD /* MasterViewController.m */; };
		6AE6A7AD1A1FA33600A3B0FD /* DetailViewController.m in Sources */ = {isa = PBXBuildFile; fileRef = 6AE6A7AC1A1FA33600A3B0FD /* DetailViewController.m */; };
		6AE6A7B01A1FA33600A3B0FD /* Main.storyboard in Resources */ = {isa = PBXBuildFile; fileRef = 6AE6A7AE1A1FA33600A3B0FD /* Main.storyboard */; };
		6AE6A7B21A1FA33600A3B0FD /* Images.xcassets in Resources */ = {isa = PBXBuildFile; fileRef = 6AE6A7B11A1FA33600A3B0FD /* Images.xcassets */; };
		6AE6A7B51A1FA33600A3B0FD /* LaunchScreen.xib in Resources */ = {isa = PBXBuildFile; fileRef = 6AE6A7B31A1FA33600A3B0FD /* LaunchScreen.xib */; };
		6AE6A7C11A1FA33600A3B0FD /* iosQuizTests.m in Sources */ = {isa = PBXBuildFile; fileRef = 6AE6A7C01A1FA33600A3B0FD /* iosQuizTests.m */; };
		6AE6A7D01A1FA47800A3B0FD /* Parse.framework in Frameworks */ = {isa = PBXBuildFile; fileRef = 6AE6A7CF1A1FA47800A3B0FD /* Parse.framework */; };
		6AE6A7D21A1FA48200A3B0FD /* Bolts.framework in Frameworks */ = {isa = PBXBuildFile; fileRef = 6AE6A7D11A1FA48200A3B0FD /* Bolts.framework */; };
		6AE6A7D41A1FA4B600A3B0FD /* AudioToolbox.framework in Frameworks */ = {isa = PBXBuildFile; fileRef = 6AE6A7D31A1FA4B600A3B0FD /* AudioToolbox.framework */; };
		6AE6A7D61A1FA4BB00A3B0FD /* CFNetwork.framework in Frameworks */ = {isa = PBXBuildFile; fileRef = 6AE6A7D51A1FA4BB00A3B0FD /* CFNetwork.framework */; };
		6AE6A7D81A1FA4C100A3B0FD /* CoreGraphics.framework in Frameworks */ = {isa = PBXBuildFile; fileRef = 6AE6A7D71A1FA4C100A3B0FD /* CoreGraphics.framework */; };
		6AE6A7DA1A1FA4C600A3B0FD /* CoreLocation.framework in Frameworks */ = {isa = PBXBuildFile; fileRef = 6AE6A7D91A1FA4C600A3B0FD /* CoreLocation.framework */; };
		6AE6A7DC1A1FA4CD00A3B0FD /* libz.dylib in Frameworks */ = {isa = PBXBuildFile; fileRef = 6AE6A7DB1A1FA4CD00A3B0FD /* libz.dylib */; };
		6AE6A7DE1A1FA4D300A3B0FD /* MobileCoreServices.framework in Frameworks */ = {isa = PBXBuildFile; fileRef = 6AE6A7DD1A1FA4D300A3B0FD /* MobileCoreServices.framework */; };
		6AE6A7E01A1FA4D800A3B0FD /* QuartzCore.framework in Frameworks */ = {isa = PBXBuildFile; fileRef = 6AE6A7DF1A1FA4D800A3B0FD /* QuartzCore.framework */; };
		6AE6A7E21A1FA4DE00A3B0FD /* Security.framework in Frameworks */ = {isa = PBXBuildFile; fileRef = 6AE6A7E11A1FA4DE00A3B0FD /* Security.framework */; };
		6AE6A7E41A1FA4E300A3B0FD /* StoreKit.framework in Frameworks */ = {isa = PBXBuildFile; fileRef = 6AE6A7E31A1FA4E300A3B0FD /* StoreKit.framework */; };
		6AE6A7E61A1FA4EA00A3B0FD /* SystemConfiguration.framework in Frameworks */ = {isa = PBXBuildFile; fileRef = 6AE6A7E51A1FA4EA00A3B0FD /* SystemConfiguration.framework */; };
		6AE6A7EE1A1FB66B00A3B0FD /* test1.png in Resources */ = {isa = PBXBuildFile; fileRef = 6AE6A7EC1A1FB66B00A3B0FD /* test1.png */; };
		6AE6A7F21A1FB70200A3B0FD /* test2.png in Resources */ = {isa = PBXBuildFile; fileRef = 6AE6A7F01A1FB70200A3B0FD /* test2.png */; };
		6AE6A7F71A1FBC6000A3B0FD /* test3.png in Resources */ = {isa = PBXBuildFile; fileRef = 6AE6A7F61A1FBC6000A3B0FD /* test3.png */; };
		6AE6A7F91A1FBC6600A3B0FD /* test4.png in Resources */ = {isa = PBXBuildFile; fileRef = 6AE6A7F81A1FBC6600A3B0FD /* test4.png */; };
		6AE6A7FB1A1FBC6E00A3B0FD /* test5.png in Resources */ = {isa = PBXBuildFile; fileRef = 6AE6A7FA1A1FBC6E00A3B0FD /* test5.png */; };
/* End PBXBuildFile section */

/* Begin PBXContainerItemProxy section */
		6AE6A7BB1A1FA33600A3B0FD /* PBXContainerItemProxy */ = {
			isa = PBXContainerItemProxy;
			containerPortal = 6AE6A7961A1FA33600A3B0FD /* Project object */;
			proxyType = 1;
			remoteGlobalIDString = 6AE6A79D1A1FA33600A3B0FD;
			remoteInfo = iosQuiz;
		};
/* End PBXContainerItemProxy section */

/* Begin PBXFileReference section */
		6AE6A79E1A1FA33600A3B0FD /* iosQuiz.app */ = {isa = PBXFileReference; explicitFileType = wrapper.application; includeInIndex = 0; path = iosQuiz.app; sourceTree = BUILT_PRODUCTS_DIR; };
		6AE6A7A21A1FA33600A3B0FD /* Info.plist */ = {isa = PBXFileReference; lastKnownFileType = text.plist.xml; path = Info.plist; sourceTree = "<group>"; };
		6AE6A7A31A1FA33600A3B0FD /* main.m */ = {isa = PBXFileReference; lastKnownFileType = sourcecode.c.objc; path = main.m; sourceTree = "<group>"; };
		6AE6A7A51A1FA33600A3B0FD /* AppDelegate.h */ = {isa = PBXFileReference; lastKnownFileType = sourcecode.c.h; path = AppDelegate.h; sourceTree = "<group>"; };
		6AE6A7A61A1FA33600A3B0FD /* AppDelegate.m */ = {isa = PBXFileReference; lastKnownFileType = sourcecode.c.objc; path = AppDelegate.m; sourceTree = "<group>"; };
		6AE6A7A81A1FA33600A3B0FD /* MasterViewController.h */ = {isa = PBXFileReference; lastKnownFileType = sourcecode.c.h; path = MasterViewController.h; sourceTree = "<group>"; };
		6AE6A7A91A1FA33600A3B0FD /* MasterViewController.m */ = {isa = PBXFileReference; lastKnownFileType = sourcecode.c.objc; path = MasterViewController.m; sourceTree = "<group>"; };
		6AE6A7AB1A1FA33600A3B0FD /* DetailViewController.h */ = {isa = PBXFileReference; lastKnownFileType = sourcecode.c.h; path = DetailViewController.h; sourceTree = "<group>"; };
		6AE6A7AC1A1FA33600A3B0FD /* DetailViewController.m */ = {isa = PBXFileReference; lastKnownFileType = sourcecode.c.objc; path = DetailViewController.m; sourceTree = "<group>"; };
		6AE6A7AF1A1FA33600A3B0FD /* Base */ = {isa = PBXFileReference; lastKnownFileType = file.storyboard; name = Base; path = Base.lproj/Main.storyboard; sourceTree = "<group>"; };
		6AE6A7B11A1FA33600A3B0FD /* Images.xcassets */ = {isa = PBXFileReference; lastKnownFileType = folder.assetcatalog; path = Images.xcassets; sourceTree = "<group>"; };
		6AE6A7B41A1FA33600A3B0FD /* Base */ = {isa = PBXFileReference; lastKnownFileType = file.xib; name = Base; path = Base.lproj/LaunchScreen.xib; sourceTree = "<group>"; };
		6AE6A7BA1A1FA33600A3B0FD /* iosQuizTests.xctest */ = {isa = PBXFileReference; explicitFileType = wrapper.cfbundle; includeInIndex = 0; path = iosQuizTests.xctest; sourceTree = BUILT_PRODUCTS_DIR; };
		6AE6A7BF1A1FA33600A3B0FD /* Info.plist */ = {isa = PBXFileReference; lastKnownFileType = text.plist.xml; path = Info.plist; sourceTree = "<group>"; };
		6AE6A7C01A1FA33600A3B0FD /* iosQuizTests.m */ = {isa = PBXFileReference; lastKnownFileType = sourcecode.c.objc; path = iosQuizTests.m; sourceTree = "<group>"; };
		6AE6A7CF1A1FA47800A3B0FD /* Parse.framework */ = {isa = PBXFileReference; lastKnownFileType = wrapper.framework; path = Parse.framework; sourceTree = "<group>"; };
		6AE6A7D11A1FA48200A3B0FD /* Bolts.framework */ = {isa = PBXFileReference; lastKnownFileType = wrapper.framework; path = Bolts.framework; sourceTree = "<group>"; };
		6AE6A7D31A1FA4B600A3B0FD /* AudioToolbox.framework */ = {isa = PBXFileReference; lastKnownFileType = wrapper.framework; name = AudioToolbox.framework; path = System/Library/Frameworks/AudioToolbox.framework; sourceTree = SDKROOT; };
		6AE6A7D51A1FA4BB00A3B0FD /* CFNetwork.framework */ = {isa = PBXFileReference; lastKnownFileType = wrapper.framework; name = CFNetwork.framework; path = System/Library/Frameworks/CFNetwork.framework; sourceTree = SDKROOT; };
		6AE6A7D71A1FA4C100A3B0FD /* CoreGraphics.framework */ = {isa = PBXFileReference; lastKnownFileType = wrapper.framework; name = CoreGraphics.framework; path = System/Library/Frameworks/CoreGraphics.framework; sourceTree = SDKROOT; };
		6AE6A7D91A1FA4C600A3B0FD /* CoreLocation.framework */ = {isa = PBXFileReference; lastKnownFileType = wrapper.framework; name = CoreLocation.framework; path = System/Library/Frameworks/CoreLocation.framework; sourceTree = SDKROOT; };
		6AE6A7DB1A1FA4CD00A3B0FD /* libz.dylib */ = {isa = PBXFileReference; lastKnownFileType = "compiled.mach-o.dylib"; name = libz.dylib; path = usr/lib/libz.dylib; sourceTree = SDKROOT; };
		6AE6A7DD1A1FA4D300A3B0FD /* MobileCoreServices.framework */ = {isa = PBXFileReference; lastKnownFileType = wrapper.framework; name = MobileCoreServices.framework; path = System/Library/Frameworks/MobileCoreServices.framework; sourceTree = SDKROOT; };
		6AE6A7DF1A1FA4D800A3B0FD /* QuartzCore.framework */ = {isa = PBXFileReference; lastKnownFileType = wrapper.framework; name = QuartzCore.framework; path = System/Library/Frameworks/QuartzCore.framework; sourceTree = SDKROOT; };
		6AE6A7E11A1FA4DE00A3B0FD /* Security.framework */ = {isa = PBXFileReference; lastKnownFileType = wrapper.framework; name = Security.framework; path = System/Library/Frameworks/Security.framework; sourceTree = SDKROOT; };
		6AE6A7E31A1FA4E300A3B0FD /* StoreKit.framework */ = {isa = PBXFileReference; lastKnownFileType = wrapper.framework; name = StoreKit.framework; path = System/Library/Frameworks/StoreKit.framework; sourceTree = SDKROOT; };
		6AE6A7E51A1FA4EA00A3B0FD /* SystemConfiguration.framework */ = {isa = PBXFileReference; lastKnownFileType = wrapper.framework; name = SystemConfiguration.framework; path = System/Library/Frameworks/SystemConfiguration.framework; sourceTree = SDKROOT; };
		6AE6A7EC1A1FB66B00A3B0FD /* test1.png */ = {isa = PBXFileReference; lastKnownFileType = image.png; name = test1.png; path = Images/test1.png; sourceTree = "<group>"; };
		6AE6A7F01A1FB70200A3B0FD /* test2.png */ = {isa = PBXFileReference; lastKnownFileType = image.png; name = test2.png; path = Images/test2.png; sourceTree = "<group>"; };
		6AE6A7F61A1FBC6000A3B0FD /* test3.png */ = {isa = PBXFileReference; lastKnownFileType = image.png; name = test3.png; path = Images/test3.png; sourceTree = "<group>"; };
		6AE6A7F81A1FBC6600A3B0FD /* test4.png */ = {isa = PBXFileReference; lastKnownFileType = image.png; name = test4.png; path = Images/test4.png; sourceTree = "<group>"; };
		6AE6A7FA1A1FBC6E00A3B0FD /* test5.png */ = {isa = PBXFileReference; lastKnownFileType = image.png; name = test5.png; path = Images/test5.png; sourceTree = "<group>"; };
/* End PBXFileReference section */

/* Begin PBXFrameworksBuildPhase section */
		6AE6A79B1A1FA33600A3B0FD /* Frameworks */ = {
			isa = PBXFrameworksBuildPhase;
			buildActionMask = 2147483647;
			files = (
				6AE6A7E61A1FA4EA00A3B0FD /* SystemConfiguration.framework in Frameworks */,
				6AE6A7E41A1FA4E300A3B0FD /* StoreKit.framework in Frameworks */,
				6AE6A7E21A1FA4DE00A3B0FD /* Security.framework in Frameworks */,
				6AE6A7E01A1FA4D800A3B0FD /* QuartzCore.framework in Frameworks */,
				6AE6A7DE1A1FA4D300A3B0FD /* MobileCoreServices.framework in Frameworks */,
				6AE6A7DC1A1FA4CD00A3B0FD /* libz.dylib in Frameworks */,
				6AE6A7DA1A1FA4C600A3B0FD /* CoreLocation.framework in Frameworks */,
				6AE6A7D81A1FA4C100A3B0FD /* CoreGraphics.framework in Frameworks */,
				6AE6A7D61A1FA4BB00A3B0FD /* CFNetwork.framework in Frameworks */,
				6AE6A7D41A1FA4B600A3B0FD /* AudioToolbox.framework in Frameworks */,
				6AE6A7D01A1FA47800A3B0FD /* Parse.framework in Frameworks */,
				6AE6A7D21A1FA48200A3B0FD /* Bolts.framework in Frameworks */,
			);
			runOnlyForDeploymentPostprocessing = 0;
		};
		6AE6A7B71A1FA33600A3B0FD /* Frameworks */ = {
			isa = PBXFrameworksBuildPhase;
			buildActionMask = 2147483647;
			files = (
			);
			runOnlyForDeploymentPostprocessing = 0;
		};
/* End PBXFrameworksBuildPhase section */

/* Begin PBXGroup section */
		6AE6A7951A1FA33600A3B0FD = {
			isa = PBXGroup;
			children = (
				6AE6A7A01A1FA33600A3B0FD /* iosQuiz */,
				6AE6A7BD1A1FA33600A3B0FD /* iosQuizTests */,
				6AE6A79F1A1FA33600A3B0FD /* Products */,
				6AE6A7CE1A1FA45B00A3B0FD /* Frameworks */,
			);
			sourceTree = "<group>";
		};
		6AE6A79F1A1FA33600A3B0FD /* Products */ = {
			isa = PBXGroup;
			children = (
				6AE6A79E1A1FA33600A3B0FD /* iosQuiz.app */,
				6AE6A7BA1A1FA33600A3B0FD /* iosQuizTests.xctest */,
			);
			name = Products;
			sourceTree = "<group>";
		};
		6AE6A7A01A1FA33600A3B0FD /* iosQuiz */ = {
			isa = PBXGroup;
			children = (
				6AE6A7E71A1FB4A800A3B0FD /* Images */,
				6AE6A7A51A1FA33600A3B0FD /* AppDelegate.h */,
				6AE6A7A61A1FA33600A3B0FD /* AppDelegate.m */,
				6AE6A7A81A1FA33600A3B0FD /* MasterViewController.h */,
				6AE6A7A91A1FA33600A3B0FD /* MasterViewController.m */,
				6AE6A7AB1A1FA33600A3B0FD /* DetailViewController.h */,
				6AE6A7AC1A1FA33600A3B0FD /* DetailViewController.m */,
				6AE6A7AE1A1FA33600A3B0FD /* Main.storyboard */,
				6AE6A7B11A1FA33600A3B0FD /* Images.xcassets */,
				6AE6A7B31A1FA33600A3B0FD /* LaunchScreen.xib */,
				6AE6A7A11A1FA33600A3B0FD /* Supporting Files */,
			);
			path = iosQuiz;
			sourceTree = "<group>";
		};
		6AE6A7A11A1FA33600A3B0FD /* Supporting Files */ = {
			isa = PBXGroup;
			children = (
				6AE6A7A21A1FA33600A3B0FD /* Info.plist */,
				6AE6A7A31A1FA33600A3B0FD /* main.m */,
			);
			name = "Supporting Files";
			sourceTree = "<group>";
		};
		6AE6A7BD1A1FA33600A3B0FD /* iosQuizTests */ = {
			isa = PBXGroup;
			children = (
				6AE6A7C01A1FA33600A3B0FD /* iosQuizTests.m */,
				6AE6A7BE1A1FA33600A3B0FD /* Supporting Files */,
			);
			path = iosQuizTests;
			sourceTree = "<group>";
		};
		6AE6A7BE1A1FA33600A3B0FD /* Supporting Files */ = {
			isa = PBXGroup;
			children = (
				6AE6A7BF1A1FA33600A3B0FD /* Info.plist */,
			);
			name = "Supporting Files";
			sourceTree = "<group>";
		};
		6AE6A7CE1A1FA45B00A3B0FD /* Frameworks */ = {
			isa = PBXGroup;
			children = (
				6AE6A7E51A1FA4EA00A3B0FD /* SystemConfiguration.framework */,
				6AE6A7E31A1FA4E300A3B0FD /* StoreKit.framework */,
				6AE6A7E11A1FA4DE00A3B0FD /* Security.framework */,
				6AE6A7DF1A1FA4D800A3B0FD /* QuartzCore.framework */,
				6AE6A7DD1A1FA4D300A3B0FD /* MobileCoreServices.framework */,
				6AE6A7DB1A1FA4CD00A3B0FD /* libz.dylib */,
				6AE6A7D91A1FA4C600A3B0FD /* CoreLocation.framework */,
				6AE6A7D71A1FA4C100A3B0FD /* CoreGraphics.framework */,
				6AE6A7D51A1FA4BB00A3B0FD /* CFNetwork.framework */,
				6AE6A7D31A1FA4B600A3B0FD /* AudioToolbox.framework */,
				6AE6A7D11A1FA48200A3B0FD /* Bolts.framework */,
				6AE6A7CF1A1FA47800A3B0FD /* Parse.framework */,
			);
			name = Frameworks;
			sourceTree = "<group>";
		};
		6AE6A7E71A1FB4A800A3B0FD /* Images */ = {
			isa = PBXGroup;
			children = (
				6AE6A7EC1A1FB66B00A3B0FD /* test1.png */,
				6AE6A7F01A1FB70200A3B0FD /* test2.png */,
				6AE6A7F61A1FBC6000A3B0FD /* test3.png */,
				6AE6A7F81A1FBC6600A3B0FD /* test4.png */,
				6AE6A7FA1A1FBC6E00A3B0FD /* test5.png */,
			);
			name = Images;
			sourceTree = "<group>";
		};
/* End PBXGroup section */

/* Begin PBXNativeTarget section */
		6AE6A79D1A1FA33600A3B0FD /* iosQuiz */ = {
			isa = PBXNativeTarget;
			buildConfigurationList = 6AE6A7C41A1FA33600A3B0FD /* Build configuration list for PBXNativeTarget "iosQuiz" */;
			buildPhases = (
				6AE6A79A1A1FA33600A3B0FD /* Sources */,
				6AE6A79B1A1FA33600A3B0FD /* Frameworks */,
				6AE6A79C1A1FA33600A3B0FD /* Resources */,
			);
			buildRules = (
			);
			dependencies = (
			);
			name = iosQuiz;
			productName = iosQuiz;
			productReference = 6AE6A79E1A1FA33600A3B0FD /* iosQuiz.app */;
			productType = "com.apple.product-type.application";
		};
		6AE6A7B91A1FA33600A3B0FD /* iosQuizTests */ = {
			isa = PBXNativeTarget;
			buildConfigurationList = 6AE6A7C71A1FA33600A3B0FD /* Build configuration list for PBXNativeTarget "iosQuizTests" */;
			buildPhases = (
				6AE6A7B61A1FA33600A3B0FD /* Sources */,
				6AE6A7B71A1FA33600A3B0FD /* Frameworks */,
				6AE6A7B81A1FA33600A3B0FD /* Resources */,
			);
			buildRules = (
			);
			dependencies = (
				6AE6A7BC1A1FA33600A3B0FD /* PBXTargetDependency */,
			);
			name = iosQuizTests;
			productName = iosQuizTests;
			productReference = 6AE6A7BA1A1FA33600A3B0FD /* iosQuizTests.xctest */;
			productType = "com.apple.product-type.bundle.unit-test";
		};
/* End PBXNativeTarget section */

/* Begin PBXProject section */
		6AE6A7961A1FA33600A3B0FD /* Project object */ = {
			isa = PBXProject;
			attributes = {
				LastUpgradeCheck = 0610;
				ORGANIZATIONNAME = "Maxwell Stein";
				TargetAttributes = {
					6AE6A79D1A1FA33600A3B0FD = {
						CreatedOnToolsVersion = 6.1;
					};
					6AE6A7B91A1FA33600A3B0FD = {
						CreatedOnToolsVersion = 6.1;
						TestTargetID = 6AE6A79D1A1FA33600A3B0FD;
					};
				};
			};
			buildConfigurationList = 6AE6A7991A1FA33600A3B0FD /* Build configuration list for PBXProject "iosQuiz" */;
			compatibilityVersion = "Xcode 3.2";
			developmentRegion = English;
			hasScannedForEncodings = 0;
			knownRegions = (
				en,
				Base,
			);
			mainGroup = 6AE6A7951A1FA33600A3B0FD;
			productRefGroup = 6AE6A79F1A1FA33600A3B0FD /* Products */;
			projectDirPath = "";
			projectRoot = "";
			targets = (
				6AE6A79D1A1FA33600A3B0FD /* iosQuiz */,
				6AE6A7B91A1FA33600A3B0FD /* iosQuizTests */,
			);
		};
/* End PBXProject section */

/* Begin PBXResourcesBuildPhase section */
		6AE6A79C1A1FA33600A3B0FD /* Resources */ = {
			isa = PBXResourcesBuildPhase;
			buildActionMask = 2147483647;
			files = (
				6AE6A7B01A1FA33600A3B0FD /* Main.storyboard in Resources */,
				6AE6A7FB1A1FBC6E00A3B0FD /* test5.png in Resources */,
				6AE6A7EE1A1FB66B00A3B0FD /* test1.png in Resources */,
				6AE6A7F21A1FB70200A3B0FD /* test2.png in Resources */,
				6AE6A7F91A1FBC6600A3B0FD /* test4.png in Resources */,
				6AE6A7B51A1FA33600A3B0FD /* LaunchScreen.xib in Resources */,
				6AE6A7B21A1FA33600A3B0FD /* Images.xcassets in Resources */,
				6AE6A7F71A1FBC6000A3B0FD /* test3.png in Resources */,
			);
			runOnlyForDeploymentPostprocessing = 0;
		};
		6AE6A7B81A1FA33600A3B0FD /* Resources */ = {
			isa = PBXResourcesBuildPhase;
			buildActionMask = 2147483647;
			files = (
			);
			runOnlyForDeploymentPostprocessing = 0;
		};
/* End PBXResourcesBuildPhase section */

/* Begin PBXSourcesBuildPhase section */
		6AE6A79A1A1FA33600A3B0FD /* Sources */ = {
			isa = PBXSourcesBuildPhase;
			buildActionMask = 2147483647;
			files = (
				6AE6A7A71A1FA33600A3B0FD /* AppDelegate.m in Sources */,
				6AE6A7AA1A1FA33600A3B0FD /* MasterViewController.m in Sources */,
				6AE6A7A41A1FA33600A3B0FD /* main.m in Sources */,
				6AE6A7AD1A1FA33600A3B0FD /* DetailViewController.m in Sources */,
			);
			runOnlyForDeploymentPostprocessing = 0;
		};
		6AE6A7B61A1FA33600A3B0FD /* Sources */ = {
			isa = PBXSourcesBuildPhase;
			buildActionMask = 2147483647;
			files = (
				6AE6A7C11A1FA33600A3B0FD /* iosQuizTests.m in Sources */,
			);
			runOnlyForDeploymentPostprocessing = 0;
		};
/* End PBXSourcesBuildPhase section */

/* Begin PBXTargetDependency section */
		6AE6A7BC1A1FA33600A3B0FD /* PBXTargetDependency */ = {
			isa = PBXTargetDependency;
			target = 6AE6A79D1A1FA33600A3B0FD /* iosQuiz */;
			targetProxy = 6AE6A7BB1A1FA33600A3B0FD /* PBXContainerItemProxy */;
		};
/* End PBXTargetDependency section */

/* Begin PBXVariantGroup section */
		6AE6A7AE1A1FA33600A3B0FD /* Main.storyboard */ = {
			isa = PBXVariantGroup;
			children = (
				6AE6A7AF1A1FA33600A3B0FD /* Base */,
			);
			name = Main.storyboard;
			sourceTree = "<group>";
		};
		6AE6A7B31A1FA33600A3B0FD /* LaunchScreen.xib */ = {
			isa = PBXVariantGroup;
			children = (
				6AE6A7B41A1FA33600A3B0FD /* Base */,
			);
			name = LaunchScreen.xib;
			sourceTree = "<group>";
		};
/* End PBXVariantGroup section */

/* Begin XCBuildConfiguration section */
		6AE6A7C21A1FA33600A3B0FD /* Debug */ = {
			isa = XCBuildConfiguration;
			buildSettings = {
				ALWAYS_SEARCH_USER_PATHS = NO;
				CLANG_CXX_LANGUAGE_STANDARD = "gnu++0x";
				CLANG_CXX_LIBRARY = "libc++";
				CLANG_ENABLE_MODULES = YES;
				CLANG_ENABLE_OBJC_ARC = YES;
				CLANG_WARN_BOOL_CONVERSION = YES;
				CLANG_WARN_CONSTANT_CONVERSION = YES;
				CLANG_WARN_DIRECT_OBJC_ISA_USAGE = YES_ERROR;
				CLANG_WARN_EMPTY_BODY = YES;
				CLANG_WARN_ENUM_CONVERSION = YES;
				CLANG_WARN_INT_CONVERSION = YES;
				CLANG_WARN_OBJC_ROOT_CLASS = YES_ERROR;
				CLANG_WARN_UNREACHABLE_CODE = YES;
				CLANG_WARN__DUPLICATE_METHOD_MATCH = YES;
				"CODE_SIGN_IDENTITY[sdk=iphoneos*]" = "iPhone Developer";
				COPY_PHASE_STRIP = NO;
				ENABLE_STRICT_OBJC_MSGSEND = YES;
				GCC_C_LANGUAGE_STANDARD = gnu99;
				GCC_DYNAMIC_NO_PIC = NO;
				GCC_OPTIMIZATION_LEVEL = 0;
				GCC_PREPROCESSOR_DEFINITIONS = (
					"DEBUG=1",
					"$(inherited)",
				);
				GCC_SYMBOLS_PRIVATE_EXTERN = NO;
				GCC_WARN_64_TO_32_BIT_CONVERSION = YES;
				GCC_WARN_ABOUT_RETURN_TYPE = YES_ERROR;
				GCC_WARN_UNDECLARED_SELECTOR = YES;
				GCC_WARN_UNINITIALIZED_AUTOS = YES_AGGRESSIVE;
				GCC_WARN_UNUSED_FUNCTION = YES;
				GCC_WARN_UNUSED_VARIABLE = YES;
				IPHONEOS_DEPLOYMENT_TARGET = 8.1;
				MTL_ENABLE_DEBUG_INFO = YES;
				ONLY_ACTIVE_ARCH = YES;
				SDKROOT = iphoneos;
			};
			name = Debug;
		};
		6AE6A7C31A1FA33600A3B0FD /* Release */ = {
			isa = XCBuildConfiguration;
			buildSettings = {
				ALWAYS_SEARCH_USER_PATHS = NO;
				CLANG_CXX_LANGUAGE_STANDARD = "gnu++0x";
				CLANG_CXX_LIBRARY = "libc++";
				CLANG_ENABLE_MODULES = YES;
				CLANG_ENABLE_OBJC_ARC = YES;
				CLANG_WARN_BOOL_CONVERSION = YES;
				CLANG_WARN_CONSTANT_CONVERSION = YES;
				CLANG_WARN_DIRECT_OBJC_ISA_USAGE = YES_ERROR;
				CLANG_WARN_EMPTY_BODY = YES;
				CLANG_WARN_ENUM_CONVERSION = YES;
				CLANG_WARN_INT_CONVERSION = YES;
				CLANG_WARN_OBJC_ROOT_CLASS = YES_ERROR;
				CLANG_WARN_UNREACHABLE_CODE = YES;
				CLANG_WARN__DUPLICATE_METHOD_MATCH = YES;
				"CODE_SIGN_IDENTITY[sdk=iphoneos*]" = "iPhone Developer";
				COPY_PHASE_STRIP = YES;
				ENABLE_NS_ASSERTIONS = NO;
				ENABLE_STRICT_OBJC_MSGSEND = YES;
				GCC_C_LANGUAGE_STANDARD = gnu99;
				GCC_WARN_64_TO_32_BIT_CONVERSION = YES;
				GCC_WARN_ABOUT_RETURN_TYPE = YES_ERROR;
				GCC_WARN_UNDECLARED_SELECTOR = YES;
				GCC_WARN_UNINITIALIZED_AUTOS = YES_AGGRESSIVE;
				GCC_WARN_UNUSED_FUNCTION = YES;
				GCC_WARN_UNUSED_VARIABLE = YES;
				IPHONEOS_DEPLOYMENT_TARGET = 8.1;
				MTL_ENABLE_DEBUG_INFO = NO;
				SDKROOT = iphoneos;
				VALIDATE_PRODUCT = YES;
			};
			name = Release;
		};
		6AE6A7C51A1FA33600A3B0FD /* Debug */ = {
			isa = XCBuildConfiguration;
			buildSettings = {
				ASSETCATALOG_COMPILER_APPICON_NAME = AppIcon;
				FRAMEWORK_SEARCH_PATHS = (
					"$(inherited)",
					/Users/maxwellstein/Dropbox/Max/Projects/iosQuiz,
					"$(PROJECT_DIR)",
				);
				INFOPLIST_FILE = iosQuiz/Info.plist;
				LD_RUNPATH_SEARCH_PATHS = "$(inherited) @executable_path/Frameworks";
				PRODUCT_NAME = "$(TARGET_NAME)";
			};
			name = Debug;
		};
		6AE6A7C61A1FA33600A3B0FD /* Release */ = {
			isa = XCBuildConfiguration;
			buildSettings = {
				ASSETCATALOG_COMPILER_APPICON_NAME = AppIcon;
				FRAMEWORK_SEARCH_PATHS = (
					"$(inherited)",
					/Users/maxwellstein/Dropbox/Max/Projects/iosQuiz,
					"$(PROJECT_DIR)",
				);
				INFOPLIST_FILE = iosQuiz/Info.plist;
				LD_RUNPATH_SEARCH_PATHS = "$(inherited) @executable_path/Frameworks";
				PRODUCT_NAME = "$(TARGET_NAME)";
			};
			name = Release;
		};
		6AE6A7C81A1FA33600A3B0FD /* Debug */ = {
			isa = XCBuildConfiguration;
			buildSettings = {
				BUNDLE_LOADER = "$(TEST_HOST)";
				FRAMEWORK_SEARCH_PATHS = (
					"$(SDKROOT)/Developer/Library/Frameworks",
					"$(inherited)",
				);
				GCC_PREPROCESSOR_DEFINITIONS = (
					"DEBUG=1",
					"$(inherited)",
				);
				INFOPLIST_FILE = iosQuizTests/Info.plist;
				LD_RUNPATH_SEARCH_PATHS = "$(inherited) @executable_path/Frameworks @loader_path/Frameworks";
				PRODUCT_NAME = "$(TARGET_NAME)";
				TEST_HOST = "$(BUILT_PRODUCTS_DIR)/iosQuiz.app/iosQuiz";
			};
			name = Debug;
		};
		6AE6A7C91A1FA33600A3B0FD /* Release */ = {
			isa = XCBuildConfiguration;
			buildSettings = {
				BUNDLE_LOADER = "$(TEST_HOST)";
				FRAMEWORK_SEARCH_PATHS = (
					"$(SDKROOT)/Developer/Library/Frameworks",
					"$(inherited)",
				);
				INFOPLIST_FILE = iosQuizTests/Info.plist;
				LD_RUNPATH_SEARCH_PATHS = "$(inherited) @executable_path/Frameworks @loader_path/Frameworks";
				PRODUCT_NAME = "$(TARGET_NAME)";
				TEST_HOST = "$(BUILT_PRODUCTS_DIR)/iosQuiz.app/iosQuiz";
			};
			name = Release;
		};
/* End XCBuildConfiguration section */

/* Begin XCConfigurationList section */
		6AE6A7991A1FA33600A3B0FD /* Build configuration list for PBXProject "iosQuiz" */ = {
			isa = XCConfigurationList;
			buildConfigurations = (
				6AE6A7C21A1FA33600A3B0FD /* Debug */,
				6AE6A7C31A1FA33600A3B0FD /* Release */,
			);
			defaultConfigurationIsVisible = 0;
			defaultConfigurationName = Release;
		};
		6AE6A7C41A1FA33600A3B0FD /* Build configuration list for PBXNativeTarget "iosQuiz" */ = {
			isa = XCConfigurationList;
			buildConfigurations = (
				6AE6A7C51A1FA33600A3B0FD /* Debug */,
				6AE6A7C61A1FA33600A3B0FD /* Release */,
			);
			defaultConfigurationIsVisible = 0;
		};
		6AE6A7C71A1FA33600A3B0FD /* Build configuration list for PBXNativeTarget "iosQuizTests" */ = {
			isa = XCConfigurationList;
			buildConfigurations = (
				6AE6A7C81A1FA33600A3B0FD /* Debug */,
				6AE6A7C91A1FA33600A3B0FD /* Release */,
			);
			defaultConfigurationIsVisible = 0;
		};
/* End XCConfigurationList section */
	};
	rootObject = 6AE6A7961A1FA33600A3B0FD /* Project object */;
}
